{
  "version": 4,
  "terraform_version": "1.1.7",
  "serial": 30,
  "lineage": "3f167b50-549e-b28b-c21d-c4df57daf0e8",
  "outputs": {},
  "resources": [
    {
      "mode": "managed",
      "type": "azurerm_network_interface",
      "name": "demo-instance",
      "provider": "provider[\"registry.terraform.io/hashicorp/azurerm\"]",
      "instances": [
        {
          "schema_version": 0,
          "attributes": {
            "applied_dns_servers": [],
            "dns_servers": [],
            "enable_accelerated_networking": false,
            "enable_ip_forwarding": false,
            "id": "/subscriptions/388090bb-6dfd-4755-a477-c65e14825017/resourceGroups/first-steps-demo/providers/Microsoft.Network/networkInterfaces/demo-instance1",
            "internal_dns_name_label": "",
            "internal_domain_name_suffix": "vjylh2rqozxuvh13j5whzxl5kf.ax.internal.cloudapp.net",
            "ip_configuration": [
              {
                "gateway_load_balancer_frontend_ip_configuration_id": "",
                "name": "instance1",
                "primary": true,
                "private_ip_address": "10.0.0.4",
                "private_ip_address_allocation": "Dynamic",
                "private_ip_address_version": "IPv4",
                "public_ip_address_id": "/subscriptions/388090bb-6dfd-4755-a477-c65e14825017/resourceGroups/first-steps-demo/providers/Microsoft.Network/publicIPAddresses/instance1-public-ip",
                "subnet_id": "/subscriptions/388090bb-6dfd-4755-a477-c65e14825017/resourceGroups/first-steps-demo/providers/Microsoft.Network/virtualNetworks/demo-network/subnets/demo-internal-1"
              }
            ],
            "location": "westeurope",
            "mac_address": "00-0D-3A-20-6A-A4",
            "name": "demo-instance1",
            "private_ip_address": "10.0.0.4",
            "private_ip_addresses": [
              "10.0.0.4"
            ],
            "resource_group_name": "first-steps-demo",
            "tags": {},
            "timeouts": null,
            "virtual_machine_id": "/subscriptions/388090bb-6dfd-4755-a477-c65e14825017/resourceGroups/first-steps-demo/providers/Microsoft.Compute/virtualMachines/demo-vm"
          },
          "sensitive_attributes": [],
          "private": "eyJlMmJmYjczMC1lY2FhLTExZTYtOGY4OC0zNDM2M2JjN2M0YzAiOnsiY3JlYXRlIjoxODAwMDAwMDAwMDAwLCJkZWxldGUiOjE4MDAwMDAwMDAwMDAsInJlYWQiOjMwMDAwMDAwMDAwMCwidXBkYXRlIjoxODAwMDAwMDAwMDAwfX0=",
          "dependencies": [
            "azurerm_public_ip.demo-instance",
            "azurerm_resource_group.demo",
            "azurerm_subnet.demo-internal-1",
            "azurerm_virtual_network.demo"
          ]
        }
      ]
    },
    {
      "mode": "managed",
      "type": "azurerm_network_interface_security_group_association",
      "name": "allow-ssh",
      "provider": "provider[\"registry.terraform.io/hashicorp/azurerm\"]",
      "instances": [
        {
          "schema_version": 0,
          "attributes": {
            "id": "/subscriptions/388090bb-6dfd-4755-a477-c65e14825017/resourceGroups/first-steps-demo/providers/Microsoft.Network/networkInterfaces/demo-instance1|/subscriptions/388090bb-6dfd-4755-a477-c65e14825017/resourceGroups/first-steps-demo/providers/Microsoft.Network/networkSecurityGroups/demo-allow-ssh",
            "network_interface_id": "/subscriptions/388090bb-6dfd-4755-a477-c65e14825017/resourceGroups/first-steps-demo/providers/Microsoft.Network/networkInterfaces/demo-instance1",
            "network_security_group_id": "/subscriptions/388090bb-6dfd-4755-a477-c65e14825017/resourceGroups/first-steps-demo/providers/Microsoft.Network/networkSecurityGroups/demo-allow-ssh",
            "timeouts": null
          },
          "sensitive_attributes": [],
          "private": "eyJlMmJmYjczMC1lY2FhLTExZTYtOGY4OC0zNDM2M2JjN2M0YzAiOnsiY3JlYXRlIjoxODAwMDAwMDAwMDAwLCJkZWxldGUiOjE4MDAwMDAwMDAwMDAsInJlYWQiOjMwMDAwMDAwMDAwMCwidXBkYXRlIjoxODAwMDAwMDAwMDAwfX0=",
          "dependencies": [
            "azurerm_network_interface.demo-instance",
            "azurerm_network_security_group.allow-ssh",
            "azurerm_public_ip.demo-instance",
            "azurerm_resource_group.demo",
            "azurerm_subnet.demo-internal-1",
            "azurerm_virtual_network.demo"
          ]
        }
      ]
    },
    {
      "mode": "managed",
      "type": "azurerm_network_security_group",
      "name": "allow-ssh",
      "provider": "provider[\"registry.terraform.io/hashicorp/azurerm\"]",
      "instances": [
        {
          "schema_version": 0,
          "attributes": {
            "id": "/subscriptions/388090bb-6dfd-4755-a477-c65e14825017/resourceGroups/first-steps-demo/providers/Microsoft.Network/networkSecurityGroups/demo-allow-ssh",
            "location": "westeurope",
            "name": "demo-allow-ssh",
            "resource_group_name": "first-steps-demo",
            "security_rule": [
              {
                "access": "Allow",
                "description": "",
                "destination_address_prefix": "*",
                "destination_address_prefixes": [],
                "destination_application_security_group_ids": [],
                "destination_port_range": "22",
                "destination_port_ranges": [],
                "direction": "Inbound",
                "name": "SSH",
                "priority": 1001,
                "protocol": "Tcp",
                "source_address_prefix": "*",
                "source_address_prefixes": [],
                "source_application_security_group_ids": [],
                "source_port_range": "*",
                "source_port_ranges": []
              }
            ],
            "tags": {},
            "timeouts": null
          },
          "sensitive_attributes": [],
          "private": "eyJlMmJmYjczMC1lY2FhLTExZTYtOGY4OC0zNDM2M2JjN2M0YzAiOnsiY3JlYXRlIjoxODAwMDAwMDAwMDAwLCJkZWxldGUiOjE4MDAwMDAwMDAwMDAsInJlYWQiOjMwMDAwMDAwMDAwMCwidXBkYXRlIjoxODAwMDAwMDAwMDAwfX0=",
          "dependencies": [
            "azurerm_resource_group.demo"
          ]
        }
      ]
    },
    {
      "mode": "managed",
      "type": "azurerm_public_ip",
      "name": "demo-instance",
      "provider": "provider[\"registry.terraform.io/hashicorp/azurerm\"]",
      "instances": [
        {
          "schema_version": 0,
          "attributes": {
            "allocation_method": "Dynamic",
            "availability_zone": "No-Zone",
            "domain_name_label": null,
            "fqdn": null,
            "id": "/subscriptions/388090bb-6dfd-4755-a477-c65e14825017/resourceGroups/first-steps-demo/providers/Microsoft.Network/publicIPAddresses/instance1-public-ip",
            "idle_timeout_in_minutes": 4,
            "ip_address": "20.229.45.101",
            "ip_tags": {},
            "ip_version": "IPv4",
            "location": "westeurope",
            "name": "instance1-public-ip",
            "public_ip_prefix_id": null,
            "resource_group_name": "first-steps-demo",
            "reverse_fqdn": null,
            "sku": "Basic",
            "sku_tier": "Regional",
            "tags": {},
            "timeouts": null,
            "zones": []
          },
          "sensitive_attributes": [],
          "private": "eyJlMmJmYjczMC1lY2FhLTExZTYtOGY4OC0zNDM2M2JjN2M0YzAiOnsiY3JlYXRlIjoxODAwMDAwMDAwMDAwLCJkZWxldGUiOjE4MDAwMDAwMDAwMDAsInJlYWQiOjMwMDAwMDAwMDAwMCwidXBkYXRlIjoxODAwMDAwMDAwMDAwfX0=",
          "dependencies": [
            "azurerm_resource_group.demo"
          ]
        }
      ]
    },
    {
      "mode": "managed",
      "type": "azurerm_resource_group",
      "name": "demo",
      "provider": "provider[\"registry.terraform.io/hashicorp/azurerm\"]",
      "instances": [
        {
          "schema_version": 0,
          "attributes": {
            "id": "/subscriptions/388090bb-6dfd-4755-a477-c65e14825017/resourceGroups/first-steps-demo",
            "location": "westeurope",
            "name": "first-steps-demo",
            "tags": {},
            "timeouts": null
          },
          "sensitive_attributes": [],
          "private": "eyJlMmJmYjczMC1lY2FhLTExZTYtOGY4OC0zNDM2M2JjN2M0YzAiOnsiY3JlYXRlIjo1NDAwMDAwMDAwMDAwLCJkZWxldGUiOjU0MDAwMDAwMDAwMDAsInJlYWQiOjMwMDAwMDAwMDAwMCwidXBkYXRlIjo1NDAwMDAwMDAwMDAwfX0="
        }
      ]
    },
    {
      "mode": "managed",
      "type": "azurerm_subnet",
      "name": "demo-internal-1",
      "provider": "provider[\"registry.terraform.io/hashicorp/azurerm\"]",
      "instances": [
        {
          "schema_version": 0,
          "attributes": {
            "address_prefix": "10.0.0.0/24",
            "address_prefixes": [
              "10.0.0.0/24"
            ],
            "delegation": [],
            "enforce_private_link_endpoint_network_policies": false,
            "enforce_private_link_service_network_policies": false,
            "id": "/subscriptions/388090bb-6dfd-4755-a477-c65e14825017/resourceGroups/first-steps-demo/providers/Microsoft.Network/virtualNetworks/demo-network/subnets/demo-internal-1",
            "name": "demo-internal-1",
            "resource_group_name": "first-steps-demo",
            "service_endpoint_policy_ids": [],
            "service_endpoints": [],
            "timeouts": null,
            "virtual_network_name": "demo-network"
          },
          "sensitive_attributes": [],
          "private": "eyJlMmJmYjczMC1lY2FhLTExZTYtOGY4OC0zNDM2M2JjN2M0YzAiOnsiY3JlYXRlIjoxODAwMDAwMDAwMDAwLCJkZWxldGUiOjE4MDAwMDAwMDAwMDAsInJlYWQiOjMwMDAwMDAwMDAwMCwidXBkYXRlIjoxODAwMDAwMDAwMDAwfX0=",
          "dependencies": [
            "azurerm_resource_group.demo",
            "azurerm_virtual_network.demo"
          ]
        }
      ]
    },
    {
      "mode": "managed",
      "type": "azurerm_virtual_network",
      "name": "demo",
      "provider": "provider[\"registry.terraform.io/hashicorp/azurerm\"]",
      "instances": [
        {
          "schema_version": 0,
          "attributes": {
            "address_space": [
              "10.0.0.0/16"
            ],
            "bgp_community": "",
            "ddos_protection_plan": [],
            "dns_servers": [],
            "flow_timeout_in_minutes": 0,
            "guid": "f2b370aa-7630-4a6f-9f7d-4fec7cdd7f55",
            "id": "/subscriptions/388090bb-6dfd-4755-a477-c65e14825017/resourceGroups/first-steps-demo/providers/Microsoft.Network/virtualNetworks/demo-network",
            "location": "westeurope",
            "name": "demo-network",
            "resource_group_name": "first-steps-demo",
            "subnet": [
              {
                "address_prefix": "10.0.0.0/24",
                "id": "/subscriptions/388090bb-6dfd-4755-a477-c65e14825017/resourceGroups/first-steps-demo/providers/Microsoft.Network/virtualNetworks/demo-network/subnets/demo-internal-1",
                "name": "demo-internal-1",
                "security_group": ""
              }
            ],
            "tags": {},
            "timeouts": null,
            "vm_protection_enabled": false
          },
          "sensitive_attributes": [],
          "private": "eyJlMmJmYjczMC1lY2FhLTExZTYtOGY4OC0zNDM2M2JjN2M0YzAiOnsiY3JlYXRlIjoxODAwMDAwMDAwMDAwLCJkZWxldGUiOjE4MDAwMDAwMDAwMDAsInJlYWQiOjMwMDAwMDAwMDAwMCwidXBkYXRlIjoxODAwMDAwMDAwMDAwfX0=",
          "dependencies": [
            "azurerm_resource_group.demo"
          ]
        }
      ]
    }
  ]
}
